
Microsoft Visual Studio Solution File, Format Version 12.00
# Visual Studio Version 17
VisualStudioVersion = 17.14.37111.16 d17.14
MinimumVisualStudioVersion = 10.0.40219.1
Project("{FAE04EC0-301F-11D3-BF4B-00C04F79EFBC}") = "Advance", "Advance\Advance.csproj", "{8FFB347F-4EA1-4C10-A883-16E344575CBD}"
EndProject
Global
	GlobalSection(SolutionConfigurationPlatforms) = preSolution
		Debug|Any CPU = Debug|Any CPU
		Release|Any CPU = Release|Any CPU
	EndGlobalSection
	GlobalSection(ProjectConfigurationPlatforms) = postSolution
		{8FFB347F-4EA1-4C10-A883-16E344575CBD}.Debug|Any CPU.ActiveCfg = Debug|Any CPU
		{8FFB347F-4EA1-4C10-A883-16E344575CBD}.Debug|Any CPU.Build.0 = Debug|Any CPU
		{8FFB347F-4EA1-4C10-A883-16E344575CBD}.Release|Any CPU.ActiveCfg = Release|Any CPU
		{8FFB347F-4EA1-4C10-A883-16E344575CBD}.Release|Any CPU.Build.0 = Release|Any CPU
	EndGlobalSection
	GlobalSection(SolutionProperties) = preSolution
		HideSolutionNode = FALSE
	EndGlobalSection
	GlobalSection(ExtensibilityGlobals) = postSolution
		SolutionGuid = {66DE0848-2E0C-4480-8AF7-BBFBAF6F46DA}
	EndGlobalSection
EndGlobal
