
Microsoft Visual Studio Solution File, Format Version 12.00
# Visual Studio Version 17
VisualStudioVersion = 17.14.37111.16 d17.14
MinimumVisualStudioVersion = 10.0.40219.1
Project("{FAE04EC0-301F-11D3-BF4B-00C04F79EFBC}") = "TasksForOOP", "TasksForOOP\TasksForOOP.csproj", "{EC3F9F99-4B55-4A82-806C-9B04657A07F5}"
EndProject
Global
	GlobalSection(SolutionConfigurationPlatforms) = preSolution
		Debug|Any CPU = Debug|Any CPU
		Release|Any CPU = Release|Any CPU
	EndGlobalSection
	GlobalSection(ProjectConfigurationPlatforms) = postSolution
		{EC3F9F99-4B55-4A82-806C-9B04657A07F5}.Debug|Any CPU.ActiveCfg = Debug|Any CPU
		{EC3F9F99-4B55-4A82-806C-9B04657A07F5}.Debug|Any CPU.Build.0 = Debug|Any CPU
		{EC3F9F99-4B55-4A82-806C-9B04657A07F5}.Release|Any CPU.ActiveCfg = Release|Any CPU
		{EC3F9F99-4B55-4A82-806C-9B04657A07F5}.Release|Any CPU.Build.0 = Release|Any CPU
	EndGlobalSection
	GlobalSection(SolutionProperties) = preSolution
		HideSolutionNode = FALSE
	EndGlobalSection
	GlobalSection(ExtensibilityGlobals) = postSolution
		SolutionGuid = {C8589C72-A313-469F-B3D1-E835848A35AB}
	EndGlobalSection
EndGlobal
